# This file is automatically @generated by Cargo.
# It is not intended for manual editing.
version = 4

[[package]]
name = "bytemuck"
version = "1.25.2"
source = "registry+https://github.com/rust-lang/crates.io-index"
checksum = "95832e849adfb21180ccb6826a99da14e5d266ae5c2e668e1602cf234f153797"

[[package]]
name = "rand_core"
version = "0.10.1"
source = "registry+https://github.com/rust-lang/crates.io-index"
checksum = "63b8176103e19a2643978565ca18b50549f6101881c443590420e4dc998a3c69"

[[package]]
name = "safe_arch"
version = "1.2.0"
source = "registry+https://github.com/rust-lang/crates.io-index"
checksum = "42c6efa15875e6ecb39ca61fb0b0c1a40b84fac5a5ffe71eef7d1000c8eb3f5f"
dependencies = [
 "bytemuck",
]

[[package]]
name = "tandem-rng"
version = "0.1.0"
dependencies = [
 "bytemuck",
 "rand_core",
 "wide",
]

[[package]]
name = "wide"
version = "1.7.1"
source = "registry+https://github.com/rust-lang/crates.io-index"
checksum = "d920ac99c3c8edce110cb8d07dbb324d6d026011dce85b1e9355b70f0adacc4f"
dependencies = [
 "bytemuck",
 "safe_arch",
]
